
Microsoft Visual Studio Solution File, Format Version 12.00
# Visual Studio Version 16
VisualStudioVersion = 16.0.30717.126
MinimumVisualStudioVersion = 10.0.40219.1
Project("{9A19103F-16F7-4668-BE54-9A1E7A4F7556}") = "PowerIO", "PowerIO\PowerIO.csproj", "{B35CEA26-511E-4A42-9B00-1ABBD5F6FF0C}"
EndProject
Project("{FAE04EC0-301F-11D3-BF4B-00C04F79EFBC}") = "PowerBinary.Tests", "PowerBinary.Tests\PowerBinary.Tests.csproj", "{B047664D-8719-4127-A906-880A5C732107}"
EndProject
Global
	GlobalSection(SolutionConfigurationPlatforms) = preSolution
		Debug|Any CPU = Debug|Any CPU
		Debug|x64 = Debug|x64
		Debug|x86 = Debug|x86
		Release|Any CPU = Release|Any CPU
		Release|x64 = Release|x64
		Release|x86 = Release|x86
	EndGlobalSection
	GlobalSection(ProjectConfigurationPlatforms) = postSolution
		{B35CEA26-511E-4A42-9B00-1ABBD5F6FF0C}.Debug|Any CPU.ActiveCfg = Debug|Any CPU
		{B35CEA26-511E-4A42-9B00-1ABBD5F6FF0C}.Debug|Any CPU.Build.0 = Debug|Any CPU
		{B35CEA26-511E-4A42-9B00-1ABBD5F6FF0C}.Debug|x64.ActiveCfg = Debug|x64
		{B35CEA26-511E-4A42-9B00-1ABBD5F6FF0C}.Debug|x64.Build.0 = Debug|x64
		{B35CEA26-511E-4A42-9B00-1ABBD5F6FF0C}.Debug|x86.ActiveCfg = Debug|x86
		{B35CEA26-511E-4A42-9B00-1ABBD5F6FF0C}.Debug|x86.Build.0 = Debug|x86
		{B35CEA26-511E-4A42-9B00-1ABBD5F6FF0C}.Release|Any CPU.ActiveCfg = Release|Any CPU
		{B35CEA26-511E-4A42-9B00-1ABBD5F6FF0C}.Release|Any CPU.Build.0 = Release|Any CPU
		{B35CEA26-511E-4A42-9B00-1ABBD5F6FF0C}.Release|x64.ActiveCfg = Release|x64
		{B35CEA26-511E-4A42-9B00-1ABBD5F6FF0C}.Release|x64.Build.0 = Release|x64
		{B35CEA26-511E-4A42-9B00-1ABBD5F6FF0C}.Release|x86.ActiveCfg = Release|x86
		{B35CEA26-511E-4A42-9B00-1ABBD5F6FF0C}.Release|x86.Build.0 = Release|x86
		{B047664D-8719-4127-A906-880A5C732107}.Debug|Any CPU.ActiveCfg = Debug|Any CPU
		{B047664D-8719-4127-A906-880A5C732107}.Debug|Any CPU.Build.0 = Debug|Any CPU
		{B047664D-8719-4127-A906-880A5C732107}.Debug|x64.ActiveCfg = Debug|Any CPU
		{B047664D-8719-4127-A906-880A5C732107}.Debug|x64.Build.0 = Debug|Any CPU
		{B047664D-8719-4127-A906-880A5C732107}.Debug|x86.ActiveCfg = Debug|Any CPU
		{B047664D-8719-4127-A906-880A5C732107}.Debug|x86.Build.0 = Debug|Any CPU
		{B047664D-8719-4127-A906-880A5C732107}.Release|Any CPU.ActiveCfg = Release|Any CPU
		{B047664D-8719-4127-A906-880A5C732107}.Release|Any CPU.Build.0 = Release|Any CPU
		{B047664D-8719-4127-A906-880A5C732107}.Release|x64.ActiveCfg = Release|Any CPU
		{B047664D-8719-4127-A906-880A5C732107}.Release|x64.Build.0 = Release|Any CPU
		{B047664D-8719-4127-A906-880A5C732107}.Release|x86.ActiveCfg = Release|Any CPU
		{B047664D-8719-4127-A906-880A5C732107}.Release|x86.Build.0 = Release|Any CPU
	EndGlobalSection
	GlobalSection(SolutionProperties) = preSolution
		HideSolutionNode = FALSE
	EndGlobalSection
	GlobalSection(ExtensibilityGlobals) = postSolution
		SolutionGuid = {E12B4C4F-2EC2-4E07-958B-EBEB244B4CE4}
	EndGlobalSection
EndGlobal
